
Microsoft Visual Studio Solution File, Format Version 12.00
# Visual Studio 15
VisualStudioVersion = 15.0.27130.2026
MinimumVisualStudioVersion = 10.0.40219.1
Project("{FAE04EC0-301F-11D3-BF4B-00C04F79EFBC}") = "Assignment3", "Assignment3\Assignment3.csproj", "{1DD3DDB9-BBCC-4298-8057-A28B5CDABB32}"
EndProject
Global
	GlobalSection(SolutionConfigurationPlatforms) = preSolution
		Debug|Any CPU = Debug|Any CPU
		Release|Any CPU = Release|Any CPU
	EndGlobalSection
	GlobalSection(ProjectConfigurationPlatforms) = postSolution
		{1DD3DDB9-BBCC-4298-8057-A28B5CDABB32}.Debug|Any CPU.ActiveCfg = Debug|Any CPU
		{1DD3DDB9-BBCC-4298-8057-A28B5CDABB32}.Debug|Any CPU.Build.0 = Debug|Any CPU
		{1DD3DDB9-BBCC-4298-8057-A28B5CDABB32}.Release|Any CPU.ActiveCfg = Release|Any CPU
		{1DD3DDB9-BBCC-4298-8057-A28B5CDABB32}.Release|Any CPU.Build.0 = Release|Any CPU
	EndGlobalSection
	GlobalSection(SolutionProperties) = preSolution
		HideSolutionNode = FALSE
	EndGlobalSection
	GlobalSection(ExtensibilityGlobals) = postSolution
		SolutionGuid = {539B3864-90AF-4DD5-890C-6F543513AF98}
	EndGlobalSection
EndGlobal
